{
  "name": "plawright-web3-demo",
  "version": "1.0.0",
  "lockfileVersion": 3,
  "requires": true,
  "packages": {
    "": {
      "name": "plawright-web3-demo",
      "version": "1.0.0",
      "dependencies": {
        "@metamask/test-dapp": "^8.1.0"
      }
    },
    "node_modules/@metamask/test-dapp": {
      "version": "8.1.0",
      "resolved": "https://registry.npmjs.org/@metamask/test-dapp/-/test-dapp-8.1.0.tgz",
      "integrity": "sha512-NM6o8EpIyT7ZhTDPf4rfLoklzpsWZ9DSA3iNJ/XdmrQY+D3dZVhwIpJBhNJqC4MSB+gAC4qqRKimTkWnoVhBHQ==",
      "engines": {
        "node": ">= 18.0.0"
      }
    }
  }
}
